// !$*UTF8*$!
{
	archiveVersion = 1;
	classes = {
	};
	objectVersion = 48;
	objects = {

/* Begin PBXBuildFile section */
		C552ECC91FAA254B00F701E5 /* AppDelegate.swift in Sources */ = {isa = PBXBuildFile; fileRef = C552ECC81FAA254B00F701E5 /* AppDelegate.swift */; };
		C552ECCB1FAA254B00F701E5 /* ViewController.swift in Sources */ = {isa = PBXBuildFile; fileRef = C552ECCA1FAA254B00F701E5 /* ViewController.swift */; };
		C552ECCE1FAA254B00F701E5 /* Main.storyboard in Resources */ = {isa = PBXBuildFile; fileRef = C552ECCC1FAA254B00F701E5 /* Main.storyboard */; };
		C552ECD01FAA254B00F701E5 /* Assets.xcassets in Resources */ = {isa = PBXBuildFile; fileRef = C552ECCF1FAA254B00F701E5 /* Assets.xcassets */; };
		C552ECD31FAA254B00F701E5 /* LaunchScreen.storyboard in Resources */ = {isa = PBXBuildFile; fileRef = C552ECD11FAA254B00F701E5 /* LaunchScreen.storyboard */; };
		C552ECDE1FAA254B00F701E5 /* mathsAppTests.swift in Sources */ = {isa = PBXBuildFile; fileRef = C552ECDD1FAA254B00F701E5 /* mathsAppTests.swift */; };
		C552ECE91FAA254B00F701E5 /* mathsAppUITests.swift in Sources */ = {isa = PBXBuildFile; fileRef = C552ECE81FAA254B00F701E5 /* mathsAppUITests.swift */; };
/* End PBXBuildFile section */

/* Begin PBXContainerItemProxy section */
		C552ECDA1FAA254B00F701E5 /* PBXContainerItemProxy */ = {
			isa = PBXContainerItemProxy;
			containerPortal = C552ECBD1FAA254B00F701E5 /* Project object */;
			proxyType = 1;
			remoteGlobalIDString = C552ECC41FAA254B00F701E5;
			remoteInfo = mathsApp;
		};
		C552ECE51FAA254B00F701E5 /* PBXContainerItemProxy */ = {
			isa = PBXContainerItemProxy;
			containerPortal = C552ECBD1FAA254B00F701E5 /* Project object */;
			proxyType = 1;
			remoteGlobalIDString = C552ECC41FAA254B00F701E5;
			remoteInfo = mathsApp;
		};
/* End PBXContainerItemProxy section */

/* Begin PBXFileReference section */
		C552ECC51FAA254B00F701E5 /* mathsApp.app */ = {isa = PBXFileReference; explicitFileType = wrapper.application; includeInIndex = 0; path = mathsApp.app; sourceTree = BUILT_PRODUCTS_DIR; };
		C552ECC81FAA254B00F701E5 /* AppDelegate.swift */ = {isa = PBXFileReference; lastKnownFileType = sourcecode.swift; path = AppDelegate.swift; sourceTree = "<group>"; };
		C552ECCA1FAA254B00F701E5 /* ViewController.swift */ = {isa = PBXFileReference; lastKnownFileType = sourcecode.swift; path = ViewController.swift; sourceTree = "<group>"; };
		C552ECCD1FAA254B00F701E5 /* Base */ = {isa = PBXFileReference; lastKnownFileType = file.storyboard; name = Base; path = Base.lproj/Main.storyboard; sourceTree = "<group>"; };
		C552ECCF1FAA254B00F701E5 /* Assets.xcassets */ = {isa = PBXFileReference; lastKnownFileType = folder.assetcatalog; path = Assets.xcassets; sourceTree = "<group>"; };
		C552ECD21FAA254B00F701E5 /* Base */ = {isa = PBXFileReference; lastKnownFileType = file.storyboard; name = Base; path = Base.lproj/LaunchScreen.storyboard; sourceTree = "<group>"; };
		C552ECD41FAA254B00F701E5 /* Info.plist */ = {isa = PBXFileReference; lastKnownFileType = text.plist.xml; path = Info.plist; sourceTree = "<group>"; };
		C552ECD91FAA254B00F701E5 /* mathsAppTests.xctest */ = {isa = PBXFileReference; explicitFileType = wrapper.cfbundle; includeInIndex = 0; path = mathsAppTests.xctest; sourceTree = BUILT_PRODUCTS_DIR; };
		C552ECDD1FAA254B00F701E5 /* mathsAppTests.swift */ = {isa = PBXFileReference; lastKnownFileType = sourcecode.swift; path = mathsAppTests.swift; sourceTree = "<group>"; };
		C552ECDF1FAA254B00F701E5 /* Info.plist */ = {isa = PBXFileReference; lastKnownFileType = text.plist.xml; path = Info.plist; sourceTree = "<group>"; };
		C552ECE41FAA254B00F701E5 /* mathsAppUITests.xctest */ = {isa = PBXFileReference; explicitFileType = wrapper.cfbundle; includeInIndex = 0; path = mathsAppUITests.xctest; sourceTree = BUILT_PRODUCTS_DIR; };
		C552ECE81FAA254B00F701E5 /* mathsAppUITests.swift */ = {isa = PBXFileReference; lastKnownFileType = sourcecode.swift; path = mathsAppUITests.swift; sourceTree = "<group>"; };
		C552ECEA1FAA254B00F701E5 /* Info.plist */ = {isa = PBXFileReference; lastKnownFileType = text.plist.xml; path = Info.plist; sourceTree = "<group>"; };
/* End PBXFileReference section */

/* Begin PBXFrameworksBuildPhase section */
		C552ECC21FAA254B00F701E5 /* Frameworks */ = {
			isa = PBXFrameworksBuildPhase;
			buildActionMask = 2147483647;
			files = (
			);
			runOnlyForDeploymentPostprocessing = 0;
		};
		C552ECD61FAA254B00F701E5 /* Frameworks */ = {
			isa = PBXFrameworksBuildPhase;
			buildActionMask = 2147483647;
			files = (
			);
			runOnlyForDeploymentPostprocessing = 0;
		};
		C552ECE11FAA254B00F701E5 /* Frameworks */ = {
			isa = PBXFrameworksBuildPhase;
			buildActionMask = 2147483647;
			files = (
			);
			runOnlyForDeploymentPostprocessing = 0;
		};
/* End PBXFrameworksBuildPhase section */

/* Begin PBXGroup section */
		C552ECBC1FAA254B00F701E5 = {
			isa = PBXGroup;
			children = (
				C552ECC71FAA254B00F701E5 /* mathsApp */,
				C552ECDC1FAA254B00F701E5 /* mathsAppTests */,
				C552ECE71FAA254B00F701E5 /* mathsAppUITests */,
				C552ECC61FAA254B00F701E5 /* Products */,
			);
			sourceTree = "<group>";
		};
		C552ECC61FAA254B00F701E5 /* Products */ = {
			isa = PBXGroup;
			children = (
				C552ECC51FAA254B00F701E5 /* mathsApp.app */,
				C552ECD91FAA254B00F701E5 /* mathsAppTests.xctest */,
				C552ECE41FAA254B00F701E5 /* mathsAppUITests.xctest */,
			);
			name = Products;
			sourceTree = "<group>";
		};
		C552ECC71FAA254B00F701E5 /* mathsApp */ = {
			isa = PBXGroup;
			children = (
				C552ECC81FAA254B00F701E5 /* AppDelegate.swift */,
				C552ECCA1FAA254B00F701E5 /* ViewController.swift */,
				C552ECCC1FAA254B00F701E5 /* Main.storyboard */,
				C552ECCF1FAA254B00F701E5 /* Assets.xcassets */,
				C552ECD11FAA254B00F701E5 /* LaunchScreen.storyboard */,
				C552ECD41FAA254B00F701E5 /* Info.plist */,
			);
			path = mathsApp;
			sourceTree = "<group>";
		};
		C552ECDC1FAA254B00F701E5 /* mathsAppTests */ = {
			isa = PBXGroup;
			children = (
				C552ECDD1FAA254B00F701E5 /* mathsAppTests.swift */,
				C552ECDF1FAA254B00F701E5 /* Info.plist */,
			);
			path = mathsAppTests;
			sourceTree = "<group>";
		};
		C552ECE71FAA254B00F701E5 /* mathsAppUITests */ = {
			isa = PBXGroup;
			children = (
				C552ECE81FAA254B00F701E5 /* mathsAppUITests.swift */,
				C552ECEA1FAA254B00F701E5 /* Info.plist */,
			);
			path = mathsAppUITests;
			sourceTree = "<group>";
		};
/* End PBXGroup section */

/* Begin PBXNativeTarget section */
		C552ECC41FAA254B00F701E5 /* mathsApp */ = {
			isa = PBXNativeTarget;
			buildConfigurationList = C552ECED1FAA254B00F701E5 /* Build configuration list for PBXNativeTarget "mathsApp" */;
			buildPhases = (
				C552ECC11FAA254B00F701E5 /* Sources */,
				C552ECC21FAA254B00F701E5 /* Frameworks */,
				C552ECC31FAA254B00F701E5 /* Resources */,
			);
			buildRules = (
			);
			dependencies = (
			);
			name = mathsApp;
			productName = mathsApp;
			productReference = C552ECC51FAA254B00F701E5 /* mathsApp.app */;
			productType = "com.apple.product-type.application";
		};
		C552ECD81FAA254B00F701E5 /* mathsAppTests */ = {
			isa = PBXNativeTarget;
			buildConfigurationList = C552ECF01FAA254B00F701E5 /* Build configuration list for PBXNativeTarget "mathsAppTests" */;
			buildPhases = (
				C552ECD51FAA254B00F701E5 /* Sources */,
				C552ECD61FAA254B00F701E5 /* Frameworks */,
				C552ECD71FAA254B00F701E5 /* Resources */,
			);
			buildRules = (
			);
			dependencies = (
				C552ECDB1FAA254B00F701E5 /* PBXTargetDependency */,
			);
			name = mathsAppTests;
			productName = mathsAppTests;
			productReference = C552ECD91FAA254B00F701E5 /* mathsAppTests.xctest */;
			productType = "com.apple.product-type.bundle.unit-test";
		};
		C552ECE31FAA254B00F701E5 /* mathsAppUITests */ = {
			isa = PBXNativeTarget;
			buildConfigurationList = C552ECF31FAA254B00F701E5 /* Build configuration list for PBXNativeTarget "mathsAppUITests" */;
			buildPhases = (
				C552ECE01FAA254B00F701E5 /* Sources */,
				C552ECE11FAA254B00F701E5 /* Frameworks */,
				C552ECE21FAA254B00F701E5 /* Resources */,
			);
			buildRules = (
			);
			dependencies = (
				C552ECE61FAA254B00F701E5 /* PBXTargetDependency */,
			);
			name = mathsAppUITests;
			productName = mathsAppUITests;
			productReference = C552ECE41FAA254B00F701E5 /* mathsAppUITests.xctest */;
			productType = "com.apple.product-type.bundle.ui-testing";
		};
/* End PBXNativeTarget section */

/* Begin PBXProject section */
		C552ECBD1FAA254B00F701E5 /* Project object */ = {
			isa = PBXProject;
			attributes = {
				LastSwiftUpdateCheck = 0900;
				LastUpgradeCheck = 0900;
				ORGANIZATIONNAME = amr;
				TargetAttributes = {
					C552ECC41FAA254B00F701E5 = {
						CreatedOnToolsVersion = 9.0;
						ProvisioningStyle = Automatic;
					};
					C552ECD81FAA254B00F701E5 = {
						CreatedOnToolsVersion = 9.0;
						ProvisioningStyle = Automatic;
						TestTargetID = C552ECC41FAA254B00F701E5;
					};
					C552ECE31FAA254B00F701E5 = {
						CreatedOnToolsVersion = 9.0;
						ProvisioningStyle = Automatic;
						TestTargetID = C552ECC41FAA254B00F701E5;
					};
				};
			};
			buildConfigurationList = C552ECC01FAA254B00F701E5 /* Build configuration list for PBXProject "mathsApp" */;
			compatibilityVersion = "Xcode 8.0";
			developmentRegion = en;
			hasScannedForEncodings = 0;
			knownRegions = (
				en,
				Base,
			);
			mainGroup = C552ECBC1FAA254B00F701E5;
			productRefGroup = C552ECC61FAA254B00F701E5 /* Products */;
			projectDirPath = "";
			projectRoot = "";
			targets = (
				C552ECC41FAA254B00F701E5 /* mathsApp */,
				C552ECD81FAA254B00F701E5 /* mathsAppTests */,
				C552ECE31FAA254B00F701E5 /* mathsAppUITests */,
			);
		};
/* End PBXProject section */

/* Begin PBXResourcesBuildPhase section */
		C552ECC31FAA254B00F701E5 /* Resources */ = {
			isa = PBXResourcesBuildPhase;
			buildActionMask = 2147483647;
			files = (
				C552ECD31FAA254B00F701E5 /* LaunchScreen.storyboard in Resources */,
				C552ECD01FAA254B00F701E5 /* Assets.xcassets in Resources */,
				C552ECCE1FAA254B00F701E5 /* Main.storyboard in Resources */,
			);
			runOnlyForDeploymentPostprocessing = 0;
		};
		C552ECD71FAA254B00F701E5 /* Resources */ = {
			isa = PBXResourcesBuildPhase;
			buildActionMask = 2147483647;
			files = (
			);
			runOnlyForDeploymentPostprocessing = 0;
		};
		C552ECE21FAA254B00F701E5 /* Resources */ = {
			isa = PBXResourcesBuildPhase;
			buildActionMask = 2147483647;
			files = (
			);
			runOnlyForDeploymentPostprocessing = 0;
		};
/* End PBXResourcesBuildPhase section */

/* Begin PBXSourcesBuildPhase section */
		C552ECC11FAA254B00F701E5 /* Sources */ = {
			isa = PBXSourcesBuildPhase;
			buildActionMask = 2147483647;
			files = (
				C552ECCB1FAA254B00F701E5 /* ViewController.swift in Sources */,
				C552ECC91FAA254B00F701E5 /* AppDelegate.swift in Sources */,
			);
			runOnlyForDeploymentPostprocessing = 0;
		};
		C552ECD51FAA254B00F701E5 /* Sources */ = {
			isa = PBXSourcesBuildPhase;
			buildActionMask = 2147483647;
			files = (
				C552ECDE1FAA254B00F701E5 /* mathsAppTests.swift in Sources */,
			);
			runOnlyForDeploymentPostprocessing = 0;
		};
		C552ECE01FAA254B00F701E5 /* Sources */ = {
			isa = PBXSourcesBuildPhase;
			buildActionMask = 2147483647;
			files = (
				C552ECE91FAA254B00F701E5 /* mathsAppUITests.swift in Sources */,
			);
			runOnlyForDeploymentPostprocessing = 0;
		};
/* End PBXSourcesBuildPhase section */

/* Begin PBXTargetDependency section */
		C552ECDB1FAA254B00F701E5 /* PBXTargetDependency */ = {
			isa = PBXTargetDependency;
			target = C552ECC41FAA254B00F701E5 /* mathsApp */;
			targetProxy = C552ECDA1FAA254B00F701E5 /* PBXContainerItemProxy */;
		};
		C552ECE61FAA254B00F701E5 /* PBXTargetDependency */ = {
			isa = PBXTargetDependency;
			target = C552ECC41FAA254B00F701E5 /* mathsApp */;
			targetProxy = C552ECE51FAA254B00F701E5 /* PBXContainerItemProxy */;
		};
/* End PBXTargetDependency section */

/* Begin PBXVariantGroup section */
		C552ECCC1FAA254B00F701E5 /* Main.storyboard */ = {
			isa = PBXVariantGroup;
			children = (
				C552ECCD1FAA254B00F701E5 /* Base */,
			);
			name = Main.storyboard;
			sourceTree = "<group>";
		};
		C552ECD11FAA254B00F701E5 /* LaunchScreen.storyboard */ = {
			isa = PBXVariantGroup;
			children = (
				C552ECD21FAA254B00F701E5 /* Base */,
			);
			name = LaunchScreen.storyboard;
			sourceTree = "<group>";
		};
/* End PBXVariantGroup section */

/* Begin XCBuildConfiguration section */
		C552ECEB1FAA254B00F701E5 /* Debug */ = {
			isa = XCBuildConfiguration;
			buildSettings = {
				ALWAYS_SEARCH_USER_PATHS = NO;
				CLANG_ANALYZER_NONNULL = YES;
				CLANG_ANALYZER_NUMBER_OBJECT_CONVERSION = YES_AGGRESSIVE;
				CLANG_CXX_LANGUAGE_STANDARD = "gnu++14";
				CLANG_CXX_LIBRARY = "libc++";
				CLANG_ENABLE_MODULES = YES;
				CLANG_ENABLE_OBJC_ARC = YES;
				CLANG_WARN_BLOCK_CAPTURE_AUTORELEASING = YES;
				CLANG_WARN_BOOL_CONVERSION = YES;
				CLANG_WARN_COMMA = YES;
				CLANG_WARN_CONSTANT_CONVERSION = YES;
				CLANG_WARN_DIRECT_OBJC_ISA_USAGE = YES_ERROR;
				CLANG_WARN_DOCUMENTATION_COMMENTS = YES;
				CLANG_WARN_EMPTY_BODY = YES;
				CLANG_WARN_ENUM_CONVERSION = YES;
				CLANG_WARN_INFINITE_RECURSION = YES;
				CLANG_WARN_INT_CONVERSION = YES;
				CLANG_WARN_NON_LITERAL_NULL_CONVERSION = YES;
				CLANG_WARN_OBJC_LITERAL_CONVERSION = YES;
				CLANG_WARN_OBJC_ROOT_CLASS = YES_ERROR;
				CLANG_WARN_RANGE_LOOP_ANALYSIS = YES;
				CLANG_WARN_STRICT_PROTOTYPES = YES;
				CLANG_WARN_SUSPICIOUS_MOVE = YES;
				CLANG_WARN_UNGUARDED_AVAILABILITY = YES_AGGRESSIVE;
				CLANG_WARN_UNREACHABLE_CODE = YES;
				CLANG_WARN__DUPLICATE_METHOD_MATCH = YES;
				CODE_SIGN_IDENTITY = "iPhone Developer";
				COPY_PHASE_STRIP = NO;
				DEBUG_INFORMATION_FORMAT = dwarf;
				ENABLE_STRICT_OBJC_MSGSEND = YES;
				ENABLE_TESTABILITY = YES;
				GCC_C_LANGUAGE_STANDARD = gnu11;
				GCC_DYNAMIC_NO_PIC = NO;
				GCC_NO_COMMON_BLOCKS = YES;
				GCC_OPTIMIZATION_LEVEL = 0;
				GCC_PREPROCESSOR_DEFINITIONS = (
					"DEBUG=1",
					"$(inherited)",
				);
				GCC_WARN_64_TO_32_BIT_CONVERSION = YES;
				GCC_WARN_ABOUT_RETURN_TYPE = YES_ERROR;
				GCC_WARN_UNDECLARED_SELECTOR = YES;
				GCC_WARN_UNINITIALIZED_AUTOS = YES_AGGRESSIVE;
				GCC_WARN_UNUSED_FUNCTION = YES;
				GCC_WARN_UNUSED_VARIABLE = YES;
				IPHONEOS_DEPLOYMENT_TARGET = 11.0;
				MTL_ENABLE_DEBUG_INFO = YES;
				ONLY_ACTIVE_ARCH = YES;
				SDKROOT = iphoneos;
				SWIFT_ACTIVE_COMPILATION_CONDITIONS = DEBUG;
				SWIFT_OPTIMIZATION_LEVEL = "-Onone";
			};
			name = Debug;
		};
		C552ECEC1FAA254B00F701E5 /* Release */ = {
			isa = XCBuildConfiguration;
			buildSettings = {
				ALWAYS_SEARCH_USER_PATHS = NO;
				CLANG_ANALYZER_NONNULL = YES;
				CLANG_ANALYZER_NUMBER_OBJECT_CONVERSION = YES_AGGRESSIVE;
				CLANG_CXX_LANGUAGE_STANDARD = "gnu++14";
				CLANG_CXX_LIBRARY = "libc++";
				CLANG_ENABLE_MODULES = YES;
				CLANG_ENABLE_OBJC_ARC = YES;
				CLANG_WARN_BLOCK_CAPTURE_AUTORELEASING = YES;
				CLANG_WARN_BOOL_CONVERSION = YES;
				CLANG_WARN_COMMA = YES;
				CLANG_WARN_CONSTANT_CONVERSION = YES;
				CLANG_WARN_DIRECT_OBJC_ISA_USAGE = YES_ERROR;
				CLANG_WARN_DOCUMENTATION_COMMENTS = YES;
				CLANG_WARN_EMPTY_BODY = YES;
				CLANG_WARN_ENUM_CONVERSION = YES;
				CLANG_WARN_INFINITE_RECURSION = YES;
				CLANG_WARN_INT_CONVERSION = YES;
				CLANG_WARN_NON_LITERAL_NULL_CONVERSION = YES;
				CLANG_WARN_OBJC_LITERAL_CONVERSION = YES;
				CLANG_WARN_OBJC_ROOT_CLASS = YES_ERROR;
				CLANG_WARN_RANGE_LOOP_ANALYSIS = YES;
				CLANG_WARN_STRICT_PROTOTYPES = YES;
				CLANG_WARN_SUSPICIOUS_MOVE = YES;
				CLANG_WARN_UNGUARDED_AVAILABILITY = YES_AGGRESSIVE;
				CLANG_WARN_UNREACHABLE_CODE = YES;
				CLANG_WARN__DUPLICATE_METHOD_MATCH = YES;
				CODE_SIGN_IDENTITY = "iPhone Developer";
				COPY_PHASE_STRIP = NO;
				DEBUG_INFORMATION_FORMAT = "dwarf-with-dsym";
				ENABLE_NS_ASSERTIONS = NO;
				ENABLE_STRICT_OBJC_MSGSEND = YES;
				GCC_C_LANGUAGE_STANDARD = gnu11;
				GCC_NO_COMMON_BLOCKS = YES;
				GCC_WARN_64_TO_32_BIT_CONVERSION = YES;
				GCC_WARN_ABOUT_RETURN_TYPE = YES_ERROR;
				GCC_WARN_UNDECLARED_SELECTOR = YES;
				GCC_WARN_UNINITIALIZED_AUTOS = YES_AGGRESSIVE;
				GCC_WARN_UNUSED_FUNCTION = YES;
				GCC_WARN_UNUSED_VARIABLE = YES;
				IPHONEOS_DEPLOYMENT_TARGET = 11.0;
				MTL_ENABLE_DEBUG_INFO = NO;
				SDKROOT = iphoneos;
				SWIFT_OPTIMIZATION_LEVEL = "-Owholemodule";
				VALIDATE_PRODUCT = YES;
			};
			name = Release;
		};
		C552ECEE1FAA254B00F701E5 /* Debug */ = {
			isa = XCBuildConfiguration;
			buildSettings = {
				ASSETCATALOG_COMPILER_APPICON_NAME = AppIcon;
				CODE_SIGN_STYLE = Automatic;
				INFOPLIST_FILE = mathsApp/Info.plist;
				LD_RUNPATH_SEARCH_PATHS = "$(inherited) @executable_path/Frameworks";
				PRODUCT_BUNDLE_IDENTIFIER = amr.mathsApp;
				PRODUCT_NAME = "$(TARGET_NAME)";
				SWIFT_VERSION = 4.0;
				TARGETED_DEVICE_FAMILY = "1,2";
			};
			name = Debug;
		};
		C552ECEF1FAA254B00F701E5 /* Release */ = {
			isa = XCBuildConfiguration;
			buildSettings = {
				ASSETCATALOG_COMPILER_APPICON_NAME = AppIcon;
				CODE_SIGN_STYLE = Automatic;
				INFOPLIST_FILE = mathsApp/Info.plist;
				LD_RUNPATH_SEARCH_PATHS = "$(inherited) @executable_path/Frameworks";
				PRODUCT_BUNDLE_IDENTIFIER = amr.mathsApp;
				PRODUCT_NAME = "$(TARGET_NAME)";
				SWIFT_VERSION = 4.0;
				TARGETED_DEVICE_FAMILY = "1,2";
			};
			name = Release;
		};
		C552ECF11FAA254B00F701E5 /* Debug */ = {
			isa = XCBuildConfiguration;
			buildSettings = {
				ALWAYS_EMBED_SWIFT_STANDARD_LIBRARIES = YES;
				BUNDLE_LOADER = "$(TEST_HOST)";
				CODE_SIGN_STYLE = Automatic;
				INFOPLIST_FILE = mathsAppTests/Info.plist;
				LD_RUNPATH_SEARCH_PATHS = "$(inherited) @executable_path/Frameworks @loader_path/Frameworks";
				PRODUCT_BUNDLE_IDENTIFIER = amr.mathsAppTests;
				PRODUCT_NAME = "$(TARGET_NAME)";
				SWIFT_VERSION = 4.0;
				TARGETED_DEVICE_FAMILY = "1,2";
				TEST_HOST = "$(BUILT_PRODUCTS_DIR)/mathsApp.app/mathsApp";
			};
			name = Debug;
		};
		C552ECF21FAA254B00F701E5 /* Release */ = {
			isa = XCBuildConfiguration;
			buildSettings = {
				ALWAYS_EMBED_SWIFT_STANDARD_LIBRARIES = YES;
				BUNDLE_LOADER = "$(TEST_HOST)";
				CODE_SIGN_STYLE = Automatic;
				INFOPLIST_FILE = mathsAppTests/Info.plist;
				LD_RUNPATH_SEARCH_PATHS = "$(inherited) @executable_path/Frameworks @loader_path/Frameworks";
				PRODUCT_BUNDLE_IDENTIFIER = amr.mathsAppTests;
				PRODUCT_NAME = "$(TARGET_NAME)";
				SWIFT_VERSION = 4.0;
				TARGETED_DEVICE_FAMILY = "1,2";
				TEST_HOST = "$(BUILT_PRODUCTS_DIR)/mathsApp.app/mathsApp";
			};
			name = Release;
		};
		C552ECF41FAA254B00F701E5 /* Debug */ = {
			isa = XCBuildConfiguration;
			buildSettings = {
				ALWAYS_EMBED_SWIFT_STANDARD_LIBRARIES = YES;
				CODE_SIGN_STYLE = Automatic;
				INFOPLIST_FILE = mathsAppUITests/Info.plist;
				LD_RUNPATH_SEARCH_PATHS = "$(inherited) @executable_path/Frameworks @loader_path/Frameworks";
				PRODUCT_BUNDLE_IDENTIFIER = amr.mathsAppUITests;
				PRODUCT_NAME = "$(TARGET_NAME)";
				SWIFT_VERSION = 4.0;
				TARGETED_DEVICE_FAMILY = "1,2";
				TEST_TARGET_NAME = mathsApp;
			};
			name = Debug;
		};
		C552ECF51FAA254B00F701E5 /* Release */ = {
			isa = XCBuildConfiguration;
			buildSettings = {
				ALWAYS_EMBED_SWIFT_STANDARD_LIBRARIES = YES;
				CODE_SIGN_STYLE = Automatic;
				INFOPLIST_FILE = mathsAppUITests/Info.plist;
				LD_RUNPATH_SEARCH_PATHS = "$(inherited) @executable_path/Frameworks @loader_path/Frameworks";
				PRODUCT_BUNDLE_IDENTIFIER = amr.mathsAppUITests;
				PRODUCT_NAME = "$(TARGET_NAME)";
				SWIFT_VERSION = 4.0;
				TARGETED_DEVICE_FAMILY = "1,2";
				TEST_TARGET_NAME = mathsApp;
			};
			name = Release;
		};
/* End XCBuildConfiguration section */

/* Begin XCConfigurationList section */
		C552ECC01FAA254B00F701E5 /* Build configuration list for PBXProject "mathsApp" */ = {
			isa = XCConfigurationList;
			buildConfigurations = (
				C552ECEB1FAA254B00F701E5 /* Debug */,
				C552ECEC1FAA254B00F701E5 /* Release */,
			);
			defaultConfigurationIsVisible = 0;
			defaultConfigurationName = Release;
		};
		C552ECED1FAA254B00F701E5 /* Build configuration list for PBXNativeTarget "mathsApp" */ = {
			isa = XCConfigurationList;
			buildConfigurations = (
				C552ECEE1FAA254B00F701E5 /* Debug */,
				C552ECEF1FAA254B00F701E5 /* Release */,
			);
			defaultConfigurationIsVisible = 0;
			defaultConfigurationName = Release;
		};
		C552ECF01FAA254B00F701E5 /* Build configuration list for PBXNativeTarget "mathsAppTests" */ = {
			isa = XCConfigurationList;
			buildConfigurations = (
				C552ECF11FAA254B00F701E5 /* Debug */,
				C552ECF21FAA254B00F701E5 /* Release */,
			);
			defaultConfigurationIsVisible = 0;
			defaultConfigurationName = Release;
		};
		C552ECF31FAA254B00F701E5 /* Build configuration list for PBXNativeTarget "mathsAppUITests" */ = {
			isa = XCConfigurationList;
			buildConfigurations = (
				C552ECF41FAA254B00F701E5 /* Debug */,
				C552ECF51FAA254B00F701E5 /* Release */,
			);
			defaultConfigurationIsVisible = 0;
			defaultConfigurationName = Release;
		};
/* End XCConfigurationList section */
	};
	rootObject = C552ECBD1FAA254B00F701E5 /* Project object */;
}
